
Microsoft Visual Studio Solution File, Format Version 12.00
# Visual Studio Version 17
VisualStudioVersion = 17.12.35527.113
MinimumVisualStudioVersion = 10.0.40219.1
Project("{FAE04EC0-301F-11D3-BF4B-00C04F79EFBC}") = "Assignment02_Question01", "Assignment02_Question01\Assignment02_Question01.csproj", "{E60602D1-C907-4179-989B-7454276BE69E}"
EndProject
Project("{FAE04EC0-301F-11D3-BF4B-00C04F79EFBC}") = "Assignment02_Question02", "Assignment02_Question02\Assignment02_Question02.csproj", "{8965CCB3-C189-4F1B-8B23-787242351D5E}"
EndProject
Global
	GlobalSection(SolutionConfigurationPlatforms) = preSolution
		Debug|Any CPU = Debug|Any CPU
		Release|Any CPU = Release|Any CPU
	EndGlobalSection
	GlobalSection(ProjectConfigurationPlatforms) = postSolution
		{E60602D1-C907-4179-989B-7454276BE69E}.Debug|Any CPU.ActiveCfg = Debug|Any CPU
		{E60602D1-C907-4179-989B-7454276BE69E}.Debug|Any CPU.Build.0 = Debug|Any CPU
		{E60602D1-C907-4179-989B-7454276BE69E}.Release|Any CPU.ActiveCfg = Release|Any CPU
		{E60602D1-C907-4179-989B-7454276BE69E}.Release|Any CPU.Build.0 = Release|Any CPU
		{8965CCB3-C189-4F1B-8B23-787242351D5E}.Debug|Any CPU.ActiveCfg = Debug|Any CPU
		{8965CCB3-C189-4F1B-8B23-787242351D5E}.Debug|Any CPU.Build.0 = Debug|Any CPU
		{8965CCB3-C189-4F1B-8B23-787242351D5E}.Release|Any CPU.ActiveCfg = Release|Any CPU
		{8965CCB3-C189-4F1B-8B23-787242351D5E}.Release|Any CPU.Build.0 = Release|Any CPU
	EndGlobalSection
	GlobalSection(SolutionProperties) = preSolution
		HideSolutionNode = FALSE
	EndGlobalSection
EndGlobal
